
Microsoft Visual Studio Solution File, Format Version 12.00
# Visual Studio Version 16
VisualStudioVersion = 16.0.29209.62
MinimumVisualStudioVersion = 10.0.40219.1
Project("{9A19103F-16F7-4668-BE54-9A1E7A4F7556}") = "Assembler", "Assembler\Assembler.csproj", "{0549A661-5364-433F-8B67-376DB9908692}"
EndProject
Project("{9A19103F-16F7-4668-BE54-9A1E7A4F7556}") = "Assembler.UnitTests", "Assembler.UnitTests\Assembler.UnitTests.csproj", "{3D638343-FA97-4538-A357-CA9873094C69}"
EndProject
Project("{2150E333-8FDC-42A3-9474-1A3956D46DE8}") = "Solution Items", "Solution Items", "{E6105ED6-A9CD-4ECF-ABE9-E90625CCF5F1}"
	ProjectSection(SolutionItems) = preProject
		Test.ASM = Test.ASM
	EndProjectSection
EndProject
Global
	GlobalSection(SolutionConfigurationPlatforms) = preSolution
		Debug|Any CPU = Debug|Any CPU
		Release|Any CPU = Release|Any CPU
	EndGlobalSection
	GlobalSection(ProjectConfigurationPlatforms) = postSolution
		{0549A661-5364-433F-8B67-376DB9908692}.Debug|Any CPU.ActiveCfg = Debug|Any CPU
		{0549A661-5364-433F-8B67-376DB9908692}.Debug|Any CPU.Build.0 = Debug|Any CPU
		{0549A661-5364-433F-8B67-376DB9908692}.Release|Any CPU.ActiveCfg = Release|Any CPU
		{0549A661-5364-433F-8B67-376DB9908692}.Release|Any CPU.Build.0 = Release|Any CPU
		{3D638343-FA97-4538-A357-CA9873094C69}.Debug|Any CPU.ActiveCfg = Debug|Any CPU
		{3D638343-FA97-4538-A357-CA9873094C69}.Debug|Any CPU.Build.0 = Debug|Any CPU
		{3D638343-FA97-4538-A357-CA9873094C69}.Release|Any CPU.ActiveCfg = Release|Any CPU
		{3D638343-FA97-4538-A357-CA9873094C69}.Release|Any CPU.Build.0 = Release|Any CPU
	EndGlobalSection
	GlobalSection(SolutionProperties) = preSolution
		HideSolutionNode = FALSE
	EndGlobalSection
	GlobalSection(ExtensibilityGlobals) = postSolution
		SolutionGuid = {22878B73-A6E3-46BA-9948-882F1C075189}
	EndGlobalSection
EndGlobal
